// !$*UTF8*$!
{
	archiveVersion = 1;
	classes = {
	};
	objectVersion = 46;
	objects = {

/* Begin PBXBuildFile section */
		CF60937B1286C2822730A71C /* Pods_heart2heart.framework in Frameworks */ = {isa = PBXBuildFile; fileRef = AA56D322D4B09D78DD92A728 /* Pods_heart2heart.framework */; };
		E2608E691F299782001F3578 /* AppDelegate.swift in Sources */ = {isa = PBXBuildFile; fileRef = E2608E681F299782001F3578 /* AppDelegate.swift */; };
		E2608E6B1F299782001F3578 /* ViewController.swift in Sources */ = {isa = PBXBuildFile; fileRef = E2608E6A1F299782001F3578 /* ViewController.swift */; };
		E2608E6E1F299782001F3578 /* Main.storyboard in Resources */ = {isa = PBXBuildFile; fileRef = E2608E6C1F299782001F3578 /* Main.storyboard */; };
		E2608E701F299782001F3578 /* Assets.xcassets in Resources */ = {isa = PBXBuildFile; fileRef = E2608E6F1F299782001F3578 /* Assets.xcassets */; };
		E2608E731F299782001F3578 /* LaunchScreen.storyboard in Resources */ = {isa = PBXBuildFile; fileRef = E2608E711F299782001F3578 /* LaunchScreen.storyboard */; };
		E2611F6E1F44F38F00BE1BF9 /* File.swift in Sources */ = {isa = PBXBuildFile; fileRef = E2611F6D1F44F38F00BE1BF9 /* File.swift */; };
		E28A9E141FC47F7E003A2B05 /* TableViewController.swift in Sources */ = {isa = PBXBuildFile; fileRef = E28A9E131FC47F7E003A2B05 /* TableViewController.swift */; };
		E28A9E161FC48299003A2B05 /* TableViewCell.swift in Sources */ = {isa = PBXBuildFile; fileRef = E28A9E151FC48299003A2B05 /* TableViewCell.swift */; };
/* End PBXBuildFile section */

/* Begin PBXFileReference section */
		0A91D3AFB25B0950E360D81C /* Pods-heart2heart.release.xcconfig */ = {isa = PBXFileReference; includeInIndex = 1; lastKnownFileType = text.xcconfig; name = "Pods-heart2heart.release.xcconfig"; path = "Pods/Target Support Files/Pods-heart2heart/Pods-heart2heart.release.xcconfig"; sourceTree = "<group>"; };
		AA56D322D4B09D78DD92A728 /* Pods_heart2heart.framework */ = {isa = PBXFileReference; explicitFileType = wrapper.framework; includeInIndex = 0; path = Pods_heart2heart.framework; sourceTree = BUILT_PRODUCTS_DIR; };
		E2608E651F299782001F3578 /* heart2heart.app */ = {isa = PBXFileReference; explicitFileType = wrapper.application; includeInIndex = 0; path = heart2heart.app; sourceTree = BUILT_PRODUCTS_DIR; };
		E2608E681F299782001F3578 /* AppDelegate.swift */ = {isa = PBXFileReference; lastKnownFileType = sourcecode.swift; path = AppDelegate.swift; sourceTree = "<group>"; };
		E2608E6A1F299782001F3578 /* ViewController.swift */ = {isa = PBXFileReference; lastKnownFileType = sourcecode.swift; path = ViewController.swift; sourceTree = "<group>"; };
		E2608E6D1F299782001F3578 /* Base */ = {isa = PBXFileReference; lastKnownFileType = file.storyboard; name = Base; path = Base.lproj/Main.storyboard; sourceTree = "<group>"; };
		E2608E6F1F299782001F3578 /* Assets.xcassets */ = {isa = PBXFileReference; lastKnownFileType = folder.assetcatalog; path = Assets.xcassets; sourceTree = "<group>"; };
		E2608E721F299782001F3578 /* Base */ = {isa = PBXFileReference; lastKnownFileType = file.storyboard; name = Base; path = Base.lproj/LaunchScreen.storyboard; sourceTree = "<group>"; };
		E2608E741F299782001F3578 /* Info.plist */ = {isa = PBXFileReference; lastKnownFileType = text.plist.xml; path = Info.plist; sourceTree = "<group>"; };
		E2611F6D1F44F38F00BE1BF9 /* File.swift */ = {isa = PBXFileReference; fileEncoding = 4; lastKnownFileType = sourcecode.swift; path = File.swift; sourceTree = "<group>"; };
		E28A9E131FC47F7E003A2B05 /* TableViewController.swift */ = {isa = PBXFileReference; lastKnownFileType = sourcecode.swift; path = TableViewController.swift; sourceTree = "<group>"; };
		E28A9E151FC48299003A2B05 /* TableViewCell.swift */ = {isa = PBXFileReference; lastKnownFileType = sourcecode.swift; path = TableViewCell.swift; sourceTree = "<group>"; };
		E400EE8C66F054BC80ABCD8B /* Pods-heart2heart.debug.xcconfig */ = {isa = PBXFileReference; includeInIndex = 1; lastKnownFileType = text.xcconfig; name = "Pods-heart2heart.debug.xcconfig"; path = "Pods/Target Support Files/Pods-heart2heart/Pods-heart2heart.debug.xcconfig"; sourceTree = "<group>"; };
/* End PBXFileReference section */

/* Begin PBXFrameworksBuildPhase section */
		E2608E621F299782001F3578 /* Frameworks */ = {
			isa = PBXFrameworksBuildPhase;
			buildActionMask = 2147483647;
			files = (
				CF60937B1286C2822730A71C /* Pods_heart2heart.framework in Frameworks */,
			);
			runOnlyForDeploymentPostprocessing = 0;
		};
/* End PBXFrameworksBuildPhase section */

/* Begin PBXGroup section */
		4325D1B7C5CBE9A42C82DF04 /* Frameworks */ = {
			isa = PBXGroup;
			children = (
				AA56D322D4B09D78DD92A728 /* Pods_heart2heart.framework */,
			);
			name = Frameworks;
			sourceTree = "<group>";
		};
		DF45E6934395A0D5CCDD2F2D /* Pods */ = {
			isa = PBXGroup;
			children = (
				E400EE8C66F054BC80ABCD8B /* Pods-heart2heart.debug.xcconfig */,
				0A91D3AFB25B0950E360D81C /* Pods-heart2heart.release.xcconfig */,
			);
			name = Pods;
			sourceTree = "<group>";
		};
		E2608E5C1F299782001F3578 = {
			isa = PBXGroup;
			children = (
				E2608E671F299782001F3578 /* heart2heart */,
				E2608E661F299782001F3578 /* Products */,
				DF45E6934395A0D5CCDD2F2D /* Pods */,
				4325D1B7C5CBE9A42C82DF04 /* Frameworks */,
			);
			sourceTree = "<group>";
		};
		E2608E661F299782001F3578 /* Products */ = {
			isa = PBXGroup;
			children = (
				E2608E651F299782001F3578 /* heart2heart.app */,
			);
			name = Products;
			sourceTree = "<group>";
		};
		E2608E671F299782001F3578 /* heart2heart */ = {
			isa = PBXGroup;
			children = (
				E28A9E121FC47660003A2B05 /* Views */,
				E28A9E111FC47655003A2B05 /* Models */,
				E2E266391FC4660500267120 /* Controllers */,
				E2608E681F299782001F3578 /* AppDelegate.swift */,
				E2611F6D1F44F38F00BE1BF9 /* File.swift */,
				E2608E6C1F299782001F3578 /* Main.storyboard */,
				E2608E6F1F299782001F3578 /* Assets.xcassets */,
				E2608E711F299782001F3578 /* LaunchScreen.storyboard */,
				E2608E741F299782001F3578 /* Info.plist */,
			);
			path = heart2heart;
			sourceTree = "<group>";
		};
		E28A9E111FC47655003A2B05 /* Models */ = {
			isa = PBXGroup;
			children = (
			);
			path = Models;
			sourceTree = "<group>";
		};
		E28A9E121FC47660003A2B05 /* Views */ = {
			isa = PBXGroup;
			children = (
				E28A9E151FC48299003A2B05 /* TableViewCell.swift */,
			);
			path = Views;
			sourceTree = "<group>";
		};
		E2E266391FC4660500267120 /* Controllers */ = {
			isa = PBXGroup;
			children = (
				E2608E6A1F299782001F3578 /* ViewController.swift */,
				E28A9E131FC47F7E003A2B05 /* TableViewController.swift */,
			);
			name = Controllers;
			path = ..;
			sourceTree = "<group>";
		};
/* End PBXGroup section */

/* Begin PBXNativeTarget section */
		E2608E641F299782001F3578 /* heart2heart */ = {
			isa = PBXNativeTarget;
			buildConfigurationList = E2608E771F299782001F3578 /* Build configuration list for PBXNativeTarget "heart2heart" */;
			buildPhases = (
				ADA9E716A350E5C172E25C2A /* [CP] Check Pods Manifest.lock */,
				E2608E611F299782001F3578 /* Sources */,
				E2608E621F299782001F3578 /* Frameworks */,
				E2608E631F299782001F3578 /* Resources */,
				14E3BEBF8134FB153FFB2636 /* [CP] Embed Pods Frameworks */,
				90A27D8BBDD9C250EB897F3A /* [CP] Copy Pods Resources */,
			);
			buildRules = (
			);
			dependencies = (
			);
			name = heart2heart;
			productName = heart2heart;
			productReference = E2608E651F299782001F3578 /* heart2heart.app */;
			productType = "com.apple.product-type.application";
		};
/* End PBXNativeTarget section */

/* Begin PBXProject section */
		E2608E5D1F299782001F3578 /* Project object */ = {
			isa = PBXProject;
			attributes = {
				LastSwiftUpdateCheck = 0830;
				LastUpgradeCheck = 0830;
				ORGANIZATIONNAME = "Tega Esabunor";
				TargetAttributes = {
					E2608E641F299782001F3578 = {
						CreatedOnToolsVersion = 8.3.3;
						DevelopmentTeam = 7G6URHHVTY;
						ProvisioningStyle = Automatic;
					};
				};
			};
			buildConfigurationList = E2608E601F299782001F3578 /* Build configuration list for PBXProject "heart2heart" */;
			compatibilityVersion = "Xcode 3.2";
			developmentRegion = English;
			hasScannedForEncodings = 0;
			knownRegions = (
				en,
				Base,
			);
			mainGroup = E2608E5C1F299782001F3578;
			productRefGroup = E2608E661F299782001F3578 /* Products */;
			projectDirPath = "";
			projectRoot = "";
			targets = (
				E2608E641F299782001F3578 /* heart2heart */,
			);
		};
/* End PBXProject section */

/* Begin PBXResourcesBuildPhase section */
		E2608E631F299782001F3578 /* Resources */ = {
			isa = PBXResourcesBuildPhase;
			buildActionMask = 2147483647;
			files = (
				E2608E731F299782001F3578 /* LaunchScreen.storyboard in Resources */,
				E2608E701F299782001F3578 /* Assets.xcassets in Resources */,
				E2608E6E1F299782001F3578 /* Main.storyboard in Resources */,
			);
			runOnlyForDeploymentPostprocessing = 0;
		};
/* End PBXResourcesBuildPhase section */

/* Begin PBXShellScriptBuildPhase section */
		14E3BEBF8134FB153FFB2636 /* [CP] Embed Pods Frameworks */ = {
			isa = PBXShellScriptBuildPhase;
			buildActionMask = 2147483647;
			files = (
			);
			inputPaths = (
			);
			name = "[CP] Embed Pods Frameworks";
			outputPaths = (
			);
			runOnlyForDeploymentPostprocessing = 0;
			shellPath = /bin/sh;
			shellScript = "\"${SRCROOT}/Pods/Target Support Files/Pods-heart2heart/Pods-heart2heart-frameworks.sh\"\n";
			showEnvVarsInLog = 0;
		};
		90A27D8BBDD9C250EB897F3A /* [CP] Copy Pods Resources */ = {
			isa = PBXShellScriptBuildPhase;
			buildActionMask = 2147483647;
			files = (
			);
			inputPaths = (
			);
			name = "[CP] Copy Pods Resources";
			outputPaths = (
			);
			runOnlyForDeploymentPostprocessing = 0;
			shellPath = /bin/sh;
			shellScript = "\"${SRCROOT}/Pods/Target Support Files/Pods-heart2heart/Pods-heart2heart-resources.sh\"\n";
			showEnvVarsInLog = 0;
		};
		ADA9E716A350E5C172E25C2A /* [CP] Check Pods Manifest.lock */ = {
			isa = PBXShellScriptBuildPhase;
			buildActionMask = 2147483647;
			files = (
			);
			inputPaths = (
			);
			name = "[CP] Check Pods Manifest.lock";
			outputPaths = (
			);
			runOnlyForDeploymentPostprocessing = 0;
			shellPath = /bin/sh;
			shellScript = "diff \"${PODS_PODFILE_DIR_PATH}/Podfile.lock\" \"${PODS_ROOT}/Manifest.lock\" > /dev/null\nif [ $? != 0 ] ; then\n    # print error to STDERR\n    echo \"error: The sandbox is not in sync with the Podfile.lock. Run 'pod install' or update your CocoaPods installation.\" >&2\n    exit 1\nfi\n";
			showEnvVarsInLog = 0;
		};
/* End PBXShellScriptBuildPhase section */

/* Begin PBXSourcesBuildPhase section */
		E2608E611F299782001F3578 /* Sources */ = {
			isa = PBXSourcesBuildPhase;
			buildActionMask = 2147483647;
			files = (
				E28A9E161FC48299003A2B05 /* TableViewCell.swift in Sources */,
				E2608E6B1F299782001F3578 /* ViewController.swift in Sources */,
				E2611F6E1F44F38F00BE1BF9 /* File.swift in Sources */,
				E2608E691F299782001F3578 /* AppDelegate.swift in Sources */,
				E28A9E141FC47F7E003A2B05 /* TableViewController.swift in Sources */,
			);
			runOnlyForDeploymentPostprocessing = 0;
		};
/* End PBXSourcesBuildPhase section */

/* Begin PBXVariantGroup section */
		E2608E6C1F299782001F3578 /* Main.storyboard */ = {
			isa = PBXVariantGroup;
			children = (
				E2608E6D1F299782001F3578 /* Base */,
			);
			name = Main.storyboard;
			sourceTree = "<group>";
		};
		E2608E711F299782001F3578 /* LaunchScreen.storyboard */ = {
			isa = PBXVariantGroup;
			children = (
				E2608E721F299782001F3578 /* Base */,
			);
			name = LaunchScreen.storyboard;
			sourceTree = "<group>";
		};
/* End PBXVariantGroup section */

/* Begin XCBuildConfiguration section */
		E2608E751F299782001F3578 /* Debug */ = {
			isa = XCBuildConfiguration;
			buildSettings = {
				ALWAYS_SEARCH_USER_PATHS = NO;
				CLANG_ANALYZER_NONNULL = YES;
				CLANG_ANALYZER_NUMBER_OBJECT_CONVERSION = YES_AGGRESSIVE;
				CLANG_CXX_LANGUAGE_STANDARD = "gnu++0x";
				CLANG_CXX_LIBRARY = "libc++";
				CLANG_ENABLE_MODULES = YES;
				CLANG_ENABLE_OBJC_ARC = YES;
				CLANG_WARN_BOOL_CONVERSION = YES;
				CLANG_WARN_CONSTANT_CONVERSION = YES;
				CLANG_WARN_DIRECT_OBJC_ISA_USAGE = YES_ERROR;
				CLANG_WARN_DOCUMENTATION_COMMENTS = YES;
				CLANG_WARN_EMPTY_BODY = YES;
				CLANG_WARN_ENUM_CONVERSION = YES;
				CLANG_WARN_INFINITE_RECURSION = YES;
				CLANG_WARN_INT_CONVERSION = YES;
				CLANG_WARN_OBJC_ROOT_CLASS = YES_ERROR;
				CLANG_WARN_SUSPICIOUS_MOVE = YES;
				CLANG_WARN_UNREACHABLE_CODE = YES;
				CLANG_WARN__DUPLICATE_METHOD_MATCH = YES;
				"CODE_SIGN_IDENTITY[sdk=iphoneos*]" = "iPhone Developer";
				COPY_PHASE_STRIP = NO;
				DEBUG_INFORMATION_FORMAT = dwarf;
				ENABLE_STRICT_OBJC_MSGSEND = YES;
				ENABLE_TESTABILITY = YES;
				GCC_C_LANGUAGE_STANDARD = gnu99;
				GCC_DYNAMIC_NO_PIC = NO;
				GCC_NO_COMMON_BLOCKS = YES;
				GCC_OPTIMIZATION_LEVEL = 0;
				GCC_PREPROCESSOR_DEFINITIONS = (
					"DEBUG=1",
					"$(inherited)",
				);
				GCC_WARN_64_TO_32_BIT_CONVERSION = YES;
				GCC_WARN_ABOUT_RETURN_TYPE = YES_ERROR;
				GCC_WARN_UNDECLARED_SELECTOR = YES;
				GCC_WARN_UNINITIALIZED_AUTOS = YES_AGGRESSIVE;
				GCC_WARN_UNUSED_FUNCTION = YES;
				GCC_WARN_UNUSED_VARIABLE = YES;
				IPHONEOS_DEPLOYMENT_TARGET = 10.3;
				MTL_ENABLE_DEBUG_INFO = YES;
				ONLY_ACTIVE_ARCH = YES;
				SDKROOT = iphoneos;
				SWIFT_ACTIVE_COMPILATION_CONDITIONS = DEBUG;
				SWIFT_OPTIMIZATION_LEVEL = "-Onone";
				TARGETED_DEVICE_FAMILY = "1,2";
			};
			name = Debug;
		};
		E2608E761F299782001F3578 /* Release */ = {
			isa = XCBuildConfiguration;
			buildSettings = {
				ALWAYS_SEARCH_USER_PATHS = NO;
				CLANG_ANALYZER_NONNULL = YES;
				CLANG_ANALYZER_NUMBER_OBJECT_CONVERSION = YES_AGGRESSIVE;
				CLANG_CXX_LANGUAGE_STANDARD = "gnu++0x";
				CLANG_CXX_LIBRARY = "libc++";
				CLANG_ENABLE_MODULES = YES;
				CLANG_ENABLE_OBJC_ARC = YES;
				CLANG_WARN_BOOL_CONVERSION = YES;
				CLANG_WARN_CONSTANT_CONVERSION = YES;
				CLANG_WARN_DIRECT_OBJC_ISA_USAGE = YES_ERROR;
				CLANG_WARN_DOCUMENTATION_COMMENTS = YES;
				CLANG_WARN_EMPTY_BODY = YES;
				CLANG_WARN_ENUM_CONVERSION = YES;
				CLANG_WARN_INFINITE_RECURSION = YES;
				CLANG_WARN_INT_CONVERSION = YES;
				CLANG_WARN_OBJC_ROOT_CLASS = YES_ERROR;
				CLANG_WARN_SUSPICIOUS_MOVE = YES;
				CLANG_WARN_UNREACHABLE_CODE = YES;
				CLANG_WARN__DUPLICATE_METHOD_MATCH = YES;
				"CODE_SIGN_IDENTITY[sdk=iphoneos*]" = "iPhone Developer";
				COPY_PHASE_STRIP = NO;
				DEBUG_INFORMATION_FORMAT = "dwarf-with-dsym";
				ENABLE_NS_ASSERTIONS = NO;
				ENABLE_STRICT_OBJC_MSGSEND = YES;
				GCC_C_LANGUAGE_STANDARD = gnu99;
				GCC_NO_COMMON_BLOCKS = YES;
				GCC_WARN_64_TO_32_BIT_CONVERSION = YES;
				GCC_WARN_ABOUT_RETURN_TYPE = YES_ERROR;
				GCC_WARN_UNDECLARED_SELECTOR = YES;
				GCC_WARN_UNINITIALIZED_AUTOS = YES_AGGRESSIVE;
				GCC_WARN_UNUSED_FUNCTION = YES;
				GCC_WARN_UNUSED_VARIABLE = YES;
				IPHONEOS_DEPLOYMENT_TARGET = 10.3;
				MTL_ENABLE_DEBUG_INFO = NO;
				SDKROOT = iphoneos;
				SWIFT_OPTIMIZATION_LEVEL = "-Owholemodule";
				TARGETED_DEVICE_FAMILY = "1,2";
				VALIDATE_PRODUCT = YES;
			};
			name = Release;
		};
		E2608E781F299782001F3578 /* Debug */ = {
			isa = XCBuildConfiguration;
			baseConfigurationReference = E400EE8C66F054BC80ABCD8B /* Pods-heart2heart.debug.xcconfig */;
			buildSettings = {
				ASSETCATALOG_COMPILER_APPICON_NAME = AppIcon;
				DEVELOPMENT_TEAM = 7G6URHHVTY;
				INFOPLIST_FILE = heart2heart/Info.plist;
				LD_RUNPATH_SEARCH_PATHS = "$(inherited) @executable_path/Frameworks";
				PRODUCT_BUNDLE_IDENTIFIER = com.esabunor.heart2heart;
				PRODUCT_NAME = "$(TARGET_NAME)";
				SWIFT_VERSION = 3.0;
			};
			name = Debug;
		};
		E2608E791F299782001F3578 /* Release */ = {
			isa = XCBuildConfiguration;
			baseConfigurationReference = 0A91D3AFB25B0950E360D81C /* Pods-heart2heart.release.xcconfig */;
			buildSettings = {
				ASSETCATALOG_COMPILER_APPICON_NAME = AppIcon;
				DEVELOPMENT_TEAM = 7G6URHHVTY;
				INFOPLIST_FILE = heart2heart/Info.plist;
				LD_RUNPATH_SEARCH_PATHS = "$(inherited) @executable_path/Frameworks";
				PRODUCT_BUNDLE_IDENTIFIER = com.esabunor.heart2heart;
				PRODUCT_NAME = "$(TARGET_NAME)";
				SWIFT_VERSION = 3.0;
			};
			name = Release;
		};
/* End XCBuildConfiguration section */

/* Begin XCConfigurationList section */
		E2608E601F299782001F3578 /* Build configuration list for PBXProject "heart2heart" */ = {
			isa = XCConfigurationList;
			buildConfigurations = (
				E2608E751F299782001F3578 /* Debug */,
				E2608E761F299782001F3578 /* Release */,
			);
			defaultConfigurationIsVisible = 0;
			defaultConfigurationName = Release;
		};
		E2608E771F299782001F3578 /* Build configuration list for PBXNativeTarget "heart2heart" */ = {
			isa = XCConfigurationList;
			buildConfigurations = (
				E2608E781F299782001F3578 /* Debug */,
				E2608E791F299782001F3578 /* Release */,
			);
			defaultConfigurationIsVisible = 0;
			defaultConfigurationName = Release;
		};
/* End XCConfigurationList section */
	};
	rootObject = E2608E5D1F299782001F3578 /* Project object */;
}
